
Microsoft Visual Studio Solution File, Format Version 12.00
# Visual Studio Version 17
VisualStudioVersion = 17.0.31903.59
MinimumVisualStudioVersion = 10.0.40219.1
Project("{FAE04EC0-301F-11D3-BF4B-00C04F79EFBC}") = "OS.Lab1", "lab1\OS.Lab1.csproj", "{A8910E64-8388-4B3C-BEA0-3DA1696E5083}"
EndProject
Project("{FAE04EC0-301F-11D3-BF4B-00C04F79EFBC}") = "OS.Lab2", "lab2\OS.Lab2.csproj", "{14B27F76-9341-4D78-899C-1886988D43C0}"
EndProject
Project("{FAE04EC0-301F-11D3-BF4B-00C04F79EFBC}") = "OS.Lab3", "lab3\OS.Lab3.csproj", "{4494DF95-6FC3-412B-A6A8-FC1CF7E1A235}"
EndProject
Project("{FAE04EC0-301F-11D3-BF4B-00C04F79EFBC}") = "OS.Common", "common\OS.Common.csproj", "{EEBD46B5-1544-4D79-838C-EF09C2525BD7}"
EndProject
Project("{FAE04EC0-301F-11D3-BF4B-00C04F79EFBC}") = "OS.Lab4", "lab4\OS.Lab4.csproj", "{D24DA668-D42D-4FC6-A2A5-C5089F043409}"
EndProject
Project("{FAE04EC0-301F-11D3-BF4B-00C04F79EFBC}") = "OS.Lab5", "lab5\OS.Lab5.csproj", "{957E8D14-337B-4030-948D-E343D0492175}"
EndProject
Global
	GlobalSection(SolutionConfigurationPlatforms) = preSolution
		Debug|Any CPU = Debug|Any CPU
		Release|Any CPU = Release|Any CPU
	EndGlobalSection
	GlobalSection(SolutionProperties) = preSolution
		HideSolutionNode = FALSE
	EndGlobalSection
	GlobalSection(ProjectConfigurationPlatforms) = postSolution
		{A8910E64-8388-4B3C-BEA0-3DA1696E5083}.Debug|Any CPU.ActiveCfg = Debug|Any CPU
		{A8910E64-8388-4B3C-BEA0-3DA1696E5083}.Debug|Any CPU.Build.0 = Debug|Any CPU
		{A8910E64-8388-4B3C-BEA0-3DA1696E5083}.Release|Any CPU.ActiveCfg = Release|Any CPU
		{A8910E64-8388-4B3C-BEA0-3DA1696E5083}.Release|Any CPU.Build.0 = Release|Any CPU
		{14B27F76-9341-4D78-899C-1886988D43C0}.Debug|Any CPU.ActiveCfg = Debug|Any CPU
		{14B27F76-9341-4D78-899C-1886988D43C0}.Debug|Any CPU.Build.0 = Debug|Any CPU
		{14B27F76-9341-4D78-899C-1886988D43C0}.Release|Any CPU.ActiveCfg = Release|Any CPU
		{14B27F76-9341-4D78-899C-1886988D43C0}.Release|Any CPU.Build.0 = Release|Any CPU
		{4494DF95-6FC3-412B-A6A8-FC1CF7E1A235}.Debug|Any CPU.ActiveCfg = Debug|Any CPU
		{4494DF95-6FC3-412B-A6A8-FC1CF7E1A235}.Debug|Any CPU.Build.0 = Debug|Any CPU
		{4494DF95-6FC3-412B-A6A8-FC1CF7E1A235}.Release|Any CPU.ActiveCfg = Release|Any CPU
		{4494DF95-6FC3-412B-A6A8-FC1CF7E1A235}.Release|Any CPU.Build.0 = Release|Any CPU
		{EEBD46B5-1544-4D79-838C-EF09C2525BD7}.Debug|Any CPU.ActiveCfg = Debug|Any CPU
		{EEBD46B5-1544-4D79-838C-EF09C2525BD7}.Debug|Any CPU.Build.0 = Debug|Any CPU
		{EEBD46B5-1544-4D79-838C-EF09C2525BD7}.Release|Any CPU.ActiveCfg = Release|Any CPU
		{EEBD46B5-1544-4D79-838C-EF09C2525BD7}.Release|Any CPU.Build.0 = Release|Any CPU
		{D24DA668-D42D-4FC6-A2A5-C5089F043409}.Debug|Any CPU.ActiveCfg = Debug|Any CPU
		{D24DA668-D42D-4FC6-A2A5-C5089F043409}.Debug|Any CPU.Build.0 = Debug|Any CPU
		{D24DA668-D42D-4FC6-A2A5-C5089F043409}.Release|Any CPU.ActiveCfg = Release|Any CPU
		{D24DA668-D42D-4FC6-A2A5-C5089F043409}.Release|Any CPU.Build.0 = Release|Any CPU
		{957E8D14-337B-4030-948D-E343D0492175}.Debug|Any CPU.ActiveCfg = Debug|Any CPU
		{957E8D14-337B-4030-948D-E343D0492175}.Debug|Any CPU.Build.0 = Debug|Any CPU
		{957E8D14-337B-4030-948D-E343D0492175}.Release|Any CPU.ActiveCfg = Release|Any CPU
		{957E8D14-337B-4030-948D-E343D0492175}.Release|Any CPU.Build.0 = Release|Any CPU
	EndGlobalSection
EndGlobal
